
Microsoft Visual Studio Solution File, Format Version 12.00
# Visual Studio 15
VisualStudioVersion = 15.0.26430.13
MinimumVisualStudioVersion = 10.0.40219.1
Project("{FAE04EC0-301F-11D3-BF4B-00C04F79EFBC}") = "WebJobDemo.WebJob", "WebJobDemo.WebJob\WebJobDemo.WebJob.csproj", "{9B2454F6-5709-4315-A15A-2DF8FC372FE7}"
EndProject
Project("{9A19103F-16F7-4668-BE54-9A1E7A4F7556}") = "WebJobDemo.Web", "WebJobDemo.Web\WebJobDemo.Web.csproj", "{3AA9A89C-191F-43E3-82B3-7E5C9DAE6DCB}"
EndProject
Project("{FAE04EC0-301F-11D3-BF4B-00C04F79EFBC}") = "WebJobDemo.Models", "WebJobDemo.Models\WebJobDemo.Models.csproj", "{B8F43D6A-38E3-4877-BA7B-5F69A2CFE076}"
EndProject
Global
	GlobalSection(SolutionConfigurationPlatforms) = preSolution
		Debug|Any CPU = Debug|Any CPU
		Release|Any CPU = Release|Any CPU
	EndGlobalSection
	GlobalSection(ProjectConfigurationPlatforms) = postSolution
		{9B2454F6-5709-4315-A15A-2DF8FC372FE7}.Debug|Any CPU.ActiveCfg = Debug|Any CPU
		{9B2454F6-5709-4315-A15A-2DF8FC372FE7}.Debug|Any CPU.Build.0 = Debug|Any CPU
		{9B2454F6-5709-4315-A15A-2DF8FC372FE7}.Release|Any CPU.ActiveCfg = Release|Any CPU
		{9B2454F6-5709-4315-A15A-2DF8FC372FE7}.Release|Any CPU.Build.0 = Release|Any CPU
		{3AA9A89C-191F-43E3-82B3-7E5C9DAE6DCB}.Debug|Any CPU.ActiveCfg = Debug|Any CPU
		{3AA9A89C-191F-43E3-82B3-7E5C9DAE6DCB}.Debug|Any CPU.Build.0 = Debug|Any CPU
		{3AA9A89C-191F-43E3-82B3-7E5C9DAE6DCB}.Release|Any CPU.ActiveCfg = Release|Any CPU
		{3AA9A89C-191F-43E3-82B3-7E5C9DAE6DCB}.Release|Any CPU.Build.0 = Release|Any CPU
		{B8F43D6A-38E3-4877-BA7B-5F69A2CFE076}.Debug|Any CPU.ActiveCfg = Debug|Any CPU
		{B8F43D6A-38E3-4877-BA7B-5F69A2CFE076}.Debug|Any CPU.Build.0 = Debug|Any CPU
		{B8F43D6A-38E3-4877-BA7B-5F69A2CFE076}.Release|Any CPU.ActiveCfg = Release|Any CPU
		{B8F43D6A-38E3-4877-BA7B-5F69A2CFE076}.Release|Any CPU.Build.0 = Release|Any CPU
	EndGlobalSection
	GlobalSection(SolutionProperties) = preSolution
		HideSolutionNode = FALSE
	EndGlobalSection
EndGlobal
